
Microsoft Visual Studio Solution File, Format Version 12.00
# Visual Studio Version 17
VisualStudioVersion = 17.0.31612.314
MinimumVisualStudioVersion = 10.0.40219.1
Project("{FAE04EC0-301F-11D3-BF4B-00C04F79EFBC}") = "VersionUpdater.Net.Sample", "VersionUpdater.Net.Sample\VersionUpdater.Net.Sample.csproj", "{EF5D28C8-E49D-4534-A34B-A3C494C7DE47}"
EndProject
Global
	GlobalSection(SolutionConfigurationPlatforms) = preSolution
		Debug|Any CPU = Debug|Any CPU
		Release|Any CPU = Release|Any CPU
	EndGlobalSection
	GlobalSection(ProjectConfigurationPlatforms) = postSolution
		{EF5D28C8-E49D-4534-A34B-A3C494C7DE47}.Debug|Any CPU.ActiveCfg = Debug|Any CPU
		{EF5D28C8-E49D-4534-A34B-A3C494C7DE47}.Debug|Any CPU.Build.0 = Debug|Any CPU
		{EF5D28C8-E49D-4534-A34B-A3C494C7DE47}.Release|Any CPU.ActiveCfg = Release|Any CPU
		{EF5D28C8-E49D-4534-A34B-A3C494C7DE47}.Release|Any CPU.Build.0 = Release|Any CPU
	EndGlobalSection
	GlobalSection(SolutionProperties) = preSolution
		HideSolutionNode = FALSE
	EndGlobalSection
	GlobalSection(ExtensibilityGlobals) = postSolution
		SolutionGuid = {F094F380-551A-4B1E-A3D6-11521433005C}
	EndGlobalSection
EndGlobal
